// !$*UTF8*$!
{
	archiveVersion = 1;
	classes = {
	};
	objectVersion = 46;
	objects = {

/* Begin PBXBuildFile section */
		87D5F2351F62274500A97C19 /* AppDelegate.swift in Sources */ = {isa = PBXBuildFile; fileRef = 87D5F2341F62274500A97C19 /* AppDelegate.swift */; };
		87D5F2371F62274500A97C19 /* ViewController.swift in Sources */ = {isa = PBXBuildFile; fileRef = 87D5F2361F62274500A97C19 /* ViewController.swift */; };
		87D5F23A1F62274500A97C19 /* Main.storyboard in Resources */ = {isa = PBXBuildFile; fileRef = 87D5F2381F62274500A97C19 /* Main.storyboard */; };
		87D5F23D1F62274500A97C19 /* Project_3___Do_It.xcdatamodeld in Sources */ = {isa = PBXBuildFile; fileRef = 87D5F23B1F62274500A97C19 /* Project_3___Do_It.xcdatamodeld */; };
		87D5F23F1F62274500A97C19 /* Assets.xcassets in Resources */ = {isa = PBXBuildFile; fileRef = 87D5F23E1F62274500A97C19 /* Assets.xcassets */; };
		87D5F2421F62274500A97C19 /* LaunchScreen.storyboard in Resources */ = {isa = PBXBuildFile; fileRef = 87D5F2401F62274500A97C19 /* LaunchScreen.storyboard */; };
/* End PBXBuildFile section */

/* Begin PBXFileReference section */
		87D5F2311F62274500A97C19 /* Project 3 - Do It.app */ = {isa = PBXFileReference; explicitFileType = wrapper.application; includeInIndex = 0; path = "Project 3 - Do It.app"; sourceTree = BUILT_PRODUCTS_DIR; };
		87D5F2341F62274500A97C19 /* AppDelegate.swift */ = {isa = PBXFileReference; lastKnownFileType = sourcecode.swift; path = AppDelegate.swift; sourceTree = "<group>"; };
		87D5F2361F62274500A97C19 /* ViewController.swift */ = {isa = PBXFileReference; lastKnownFileType = sourcecode.swift; path = ViewController.swift; sourceTree = "<group>"; };
		87D5F2391F62274500A97C19 /* Base */ = {isa = PBXFileReference; lastKnownFileType = file.storyboard; name = Base; path = Base.lproj/Main.storyboard; sourceTree = "<group>"; };
		87D5F23C1F62274500A97C19 /* Project_3___Do_It.xcdatamodel */ = {isa = PBXFileReference; lastKnownFileType = wrapper.xcdatamodel; path = "Project_3___Do_It.xcdatamodel"; sourceTree = "<group>"; };
		87D5F23E1F62274500A97C19 /* Assets.xcassets */ = {isa = PBXFileReference; lastKnownFileType = folder.assetcatalog; path = Assets.xcassets; sourceTree = "<group>"; };
		87D5F2411F62274500A97C19 /* Base */ = {isa = PBXFileReference; lastKnownFileType = file.storyboard; name = Base; path = Base.lproj/LaunchScreen.storyboard; sourceTree = "<group>"; };
		87D5F2431F62274500A97C19 /* Info.plist */ = {isa = PBXFileReference; lastKnownFileType = text.plist.xml; path = Info.plist; sourceTree = "<group>"; };
/* End PBXFileReference section */

/* Begin PBXFrameworksBuildPhase section */
		87D5F22E1F62274400A97C19 /* Frameworks */ = {
			isa = PBXFrameworksBuildPhase;
			buildActionMask = 2147483647;
			files = (
			);
			runOnlyForDeploymentPostprocessing = 0;
		};
/* End PBXFrameworksBuildPhase section */

/* Begin PBXGroup section */
		87D5F2281F62274400A97C19 = {
			isa = PBXGroup;
			children = (
				87D5F2331F62274500A97C19 /* Project 3 - Do It */,
				87D5F2321F62274500A97C19 /* Products */,
			);
			sourceTree = "<group>";
		};
		87D5F2321F62274500A97C19 /* Products */ = {
			isa = PBXGroup;
			children = (
				87D5F2311F62274500A97C19 /* Project 3 - Do It.app */,
			);
			name = Products;
			sourceTree = "<group>";
		};
		87D5F2331F62274500A97C19 /* Project 3 - Do It */ = {
			isa = PBXGroup;
			children = (
				87D5F2341F62274500A97C19 /* AppDelegate.swift */,
				87D5F2361F62274500A97C19 /* ViewController.swift */,
				87D5F2381F62274500A97C19 /* Main.storyboard */,
				87D5F23E1F62274500A97C19 /* Assets.xcassets */,
				87D5F2401F62274500A97C19 /* LaunchScreen.storyboard */,
				87D5F2431F62274500A97C19 /* Info.plist */,
				87D5F23B1F62274500A97C19 /* Project_3___Do_It.xcdatamodeld */,
			);
			path = "Project 3 - Do It";
			sourceTree = "<group>";
		};
/* End PBXGroup section */

/* Begin PBXNativeTarget section */
		87D5F2301F62274400A97C19 /* Project 3 - Do It */ = {
			isa = PBXNativeTarget;
			buildConfigurationList = 87D5F2461F62274500A97C19 /* Build configuration list for PBXNativeTarget "Project 3 - Do It" */;
			buildPhases = (
				87D5F22D1F62274400A97C19 /* Sources */,
				87D5F22E1F62274400A97C19 /* Frameworks */,
				87D5F22F1F62274400A97C19 /* Resources */,
			);
			buildRules = (
			);
			dependencies = (
			);
			name = "Project 3 - Do It";
			productName = "Project 3 - Do It";
			productReference = 87D5F2311F62274500A97C19 /* Project 3 - Do It.app */;
			productType = "com.apple.product-type.application";
		};
/* End PBXNativeTarget section */

/* Begin PBXProject section */
		87D5F2291F62274400A97C19 /* Project object */ = {
			isa = PBXProject;
			attributes = {
				LastSwiftUpdateCheck = 0830;
				LastUpgradeCheck = 0830;
				ORGANIZATIONNAME = PrinceYiCoding;
				TargetAttributes = {
					87D5F2301F62274400A97C19 = {
						CreatedOnToolsVersion = 8.3.3;
						ProvisioningStyle = Automatic;
					};
				};
			};
			buildConfigurationList = 87D5F22C1F62274400A97C19 /* Build configuration list for PBXProject "Project 3 - Do It" */;
			compatibilityVersion = "Xcode 3.2";
			developmentRegion = English;
			hasScannedForEncodings = 0;
			knownRegions = (
				en,
				Base,
			);
			mainGroup = 87D5F2281F62274400A97C19;
			productRefGroup = 87D5F2321F62274500A97C19 /* Products */;
			projectDirPath = "";
			projectRoot = "";
			targets = (
				87D5F2301F62274400A97C19 /* Project 3 - Do It */,
			);
		};
/* End PBXProject section */

/* Begin PBXResourcesBuildPhase section */
		87D5F22F1F62274400A97C19 /* Resources */ = {
			isa = PBXResourcesBuildPhase;
			buildActionMask = 2147483647;
			files = (
				87D5F2421F62274500A97C19 /* LaunchScreen.storyboard in Resources */,
				87D5F23F1F62274500A97C19 /* Assets.xcassets in Resources */,
				87D5F23A1F62274500A97C19 /* Main.storyboard in Resources */,
			);
			runOnlyForDeploymentPostprocessing = 0;
		};
/* End PBXResourcesBuildPhase section */

/* Begin PBXSourcesBuildPhase section */
		87D5F22D1F62274400A97C19 /* Sources */ = {
			isa = PBXSourcesBuildPhase;
			buildActionMask = 2147483647;
			files = (
				87D5F23D1F62274500A97C19 /* Project_3___Do_It.xcdatamodeld in Sources */,
				87D5F2371F62274500A97C19 /* ViewController.swift in Sources */,
				87D5F2351F62274500A97C19 /* AppDelegate.swift in Sources */,
			);
			runOnlyForDeploymentPostprocessing = 0;
		};
/* End PBXSourcesBuildPhase section */

/* Begin PBXVariantGroup section */
		87D5F2381F62274500A97C19 /* Main.storyboard */ = {
			isa = PBXVariantGroup;
			children = (
				87D5F2391F62274500A97C19 /* Base */,
			);
			name = Main.storyboard;
			sourceTree = "<group>";
		};
		87D5F2401F62274500A97C19 /* LaunchScreen.storyboard */ = {
			isa = PBXVariantGroup;
			children = (
				87D5F2411F62274500A97C19 /* Base */,
			);
			name = LaunchScreen.storyboard;
			sourceTree = "<group>";
		};
/* End PBXVariantGroup section */

/* Begin XCBuildConfiguration section */
		87D5F2441F62274500A97C19 /* Debug */ = {
			isa = XCBuildConfiguration;
			buildSettings = {
				ALWAYS_SEARCH_USER_PATHS = NO;
				CLANG_ANALYZER_NONNULL = YES;
				CLANG_ANALYZER_NUMBER_OBJECT_CONVERSION = YES_AGGRESSIVE;
				CLANG_CXX_LANGUAGE_STANDARD = "gnu++0x";
				CLANG_CXX_LIBRARY = "libc++";
				CLANG_ENABLE_MODULES = YES;
				CLANG_ENABLE_OBJC_ARC = YES;
				CLANG_WARN_BOOL_CONVERSION = YES;
				CLANG_WARN_CONSTANT_CONVERSION = YES;
				CLANG_WARN_DIRECT_OBJC_ISA_USAGE = YES_ERROR;
				CLANG_WARN_DOCUMENTATION_COMMENTS = YES;
				CLANG_WARN_EMPTY_BODY = YES;
				CLANG_WARN_ENUM_CONVERSION = YES;
				CLANG_WARN_INFINITE_RECURSION = YES;
				CLANG_WARN_INT_CONVERSION = YES;
				CLANG_WARN_OBJC_ROOT_CLASS = YES_ERROR;
				CLANG_WARN_SUSPICIOUS_MOVE = YES;
				CLANG_WARN_UNREACHABLE_CODE = YES;
				CLANG_WARN__DUPLICATE_METHOD_MATCH = YES;
				"CODE_SIGN_IDENTITY[sdk=iphoneos*]" = "iPhone Developer";
				COPY_PHASE_STRIP = NO;
				DEBUG_INFORMATION_FORMAT = dwarf;
				ENABLE_STRICT_OBJC_MSGSEND = YES;
				ENABLE_TESTABILITY = YES;
				GCC_C_LANGUAGE_STANDARD = gnu99;
				GCC_DYNAMIC_NO_PIC = NO;
				GCC_NO_COMMON_BLOCKS = YES;
				GCC_OPTIMIZATION_LEVEL = 0;
				GCC_PREPROCESSOR_DEFINITIONS = (
					"DEBUG=1",
					"$(inherited)",
				);
				GCC_WARN_64_TO_32_BIT_CONVERSION = YES;
				GCC_WARN_ABOUT_RETURN_TYPE = YES_ERROR;
				GCC_WARN_UNDECLARED_SELECTOR = YES;
				GCC_WARN_UNINITIALIZED_AUTOS = YES_AGGRESSIVE;
				GCC_WARN_UNUSED_FUNCTION = YES;
				GCC_WARN_UNUSED_VARIABLE = YES;
				IPHONEOS_DEPLOYMENT_TARGET = 10.3;
				MTL_ENABLE_DEBUG_INFO = YES;
				ONLY_ACTIVE_ARCH = YES;
				SDKROOT = iphoneos;
				SWIFT_ACTIVE_COMPILATION_CONDITIONS = DEBUG;
				SWIFT_OPTIMIZATION_LEVEL = "-Onone";
				TARGETED_DEVICE_FAMILY = "1,2";
			};
			name = Debug;
		};
		87D5F2451F62274500A97C19 /* Release */ = {
			isa = XCBuildConfiguration;
			buildSettings = {
				ALWAYS_SEARCH_USER_PATHS = NO;
				CLANG_ANALYZER_NONNULL = YES;
				CLANG_ANALYZER_NUMBER_OBJECT_CONVERSION = YES_AGGRESSIVE;
				CLANG_CXX_LANGUAGE_STANDARD = "gnu++0x";
				CLANG_CXX_LIBRARY = "libc++";
				CLANG_ENABLE_MODULES = YES;
				CLANG_ENABLE_OBJC_ARC = YES;
				CLANG_WARN_BOOL_CONVERSION = YES;
				CLANG_WARN_CONSTANT_CONVERSION = YES;
				CLANG_WARN_DIRECT_OBJC_ISA_USAGE = YES_ERROR;
				CLANG_WARN_DOCUMENTATION_COMMENTS = YES;
				CLANG_WARN_EMPTY_BODY = YES;
				CLANG_WARN_ENUM_CONVERSION = YES;
				CLANG_WARN_INFINITE_RECURSION = YES;
				CLANG_WARN_INT_CONVERSION = YES;
				CLANG_WARN_OBJC_ROOT_CLASS = YES_ERROR;
				CLANG_WARN_SUSPICIOUS_MOVE = YES;
				CLANG_WARN_UNREACHABLE_CODE = YES;
				CLANG_WARN__DUPLICATE_METHOD_MATCH = YES;
				"CODE_SIGN_IDENTITY[sdk=iphoneos*]" = "iPhone Developer";
				COPY_PHASE_STRIP = NO;
				DEBUG_INFORMATION_FORMAT = "dwarf-with-dsym";
				ENABLE_NS_ASSERTIONS = NO;
				ENABLE_STRICT_OBJC_MSGSEND = YES;
				GCC_C_LANGUAGE_STANDARD = gnu99;
				GCC_NO_COMMON_BLOCKS = YES;
				GCC_WARN_64_TO_32_BIT_CONVERSION = YES;
				GCC_WARN_ABOUT_RETURN_TYPE = YES_ERROR;
				GCC_WARN_UNDECLARED_SELECTOR = YES;
				GCC_WARN_UNINITIALIZED_AUTOS = YES_AGGRESSIVE;
				GCC_WARN_UNUSED_FUNCTION = YES;
				GCC_WARN_UNUSED_VARIABLE = YES;
				IPHONEOS_DEPLOYMENT_TARGET = 10.3;
				MTL_ENABLE_DEBUG_INFO = NO;
				SDKROOT = iphoneos;
				SWIFT_OPTIMIZATION_LEVEL = "-Owholemodule";
				TARGETED_DEVICE_FAMILY = "1,2";
				VALIDATE_PRODUCT = YES;
			};
			name = Release;
		};
		87D5F2471F62274500A97C19 /* Debug */ = {
			isa = XCBuildConfiguration;
			buildSettings = {
				ASSETCATALOG_COMPILER_APPICON_NAME = AppIcon;
				INFOPLIST_FILE = "Project 3 - Do It/Info.plist";
				LD_RUNPATH_SEARCH_PATHS = "$(inherited) @executable_path/Frameworks";
				PRODUCT_BUNDLE_IDENTIFIER = "com.princeyicoding.Project-3---Do-It";
				PRODUCT_NAME = "$(TARGET_NAME)";
				SWIFT_VERSION = 3.0;
			};
			name = Debug;
		};
		87D5F2481F62274500A97C19 /* Release */ = {
			isa = XCBuildConfiguration;
			buildSettings = {
				ASSETCATALOG_COMPILER_APPICON_NAME = AppIcon;
				INFOPLIST_FILE = "Project 3 - Do It/Info.plist";
				LD_RUNPATH_SEARCH_PATHS = "$(inherited) @executable_path/Frameworks";
				PRODUCT_BUNDLE_IDENTIFIER = "com.princeyicoding.Project-3---Do-It";
				PRODUCT_NAME = "$(TARGET_NAME)";
				SWIFT_VERSION = 3.0;
			};
			name = Release;
		};
/* End XCBuildConfiguration section */

/* Begin XCConfigurationList section */
		87D5F22C1F62274400A97C19 /* Build configuration list for PBXProject "Project 3 - Do It" */ = {
			isa = XCConfigurationList;
			buildConfigurations = (
				87D5F2441F62274500A97C19 /* Debug */,
				87D5F2451F62274500A97C19 /* Release */,
			);
			defaultConfigurationIsVisible = 0;
			defaultConfigurationName = Release;
		};
		87D5F2461F62274500A97C19 /* Build configuration list for PBXNativeTarget "Project 3 - Do It" */ = {
			isa = XCConfigurationList;
			buildConfigurations = (
				87D5F2471F62274500A97C19 /* Debug */,
				87D5F2481F62274500A97C19 /* Release */,
			);
			defaultConfigurationIsVisible = 0;
		};
/* End XCConfigurationList section */

/* Begin XCVersionGroup section */
		87D5F23B1F62274500A97C19 /* Project_3___Do_It.xcdatamodeld */ = {
			isa = XCVersionGroup;
			children = (
				87D5F23C1F62274500A97C19 /* Project_3___Do_It.xcdatamodel */,
			);
			currentVersion = 87D5F23C1F62274500A97C19 /* Project_3___Do_It.xcdatamodel */;
			path = "Project_3___Do_It.xcdatamodeld";
			sourceTree = "<group>";
			versionGroupType = wrapper.xcdatamodel;
		};
/* End XCVersionGroup section */
	};
	rootObject = 87D5F2291F62274400A97C19 /* Project object */;
}
